
Microsoft Visual Studio Solution File, Format Version 12.00
# Visual Studio Version 17
VisualStudioVersion = 17.3.32929.385
MinimumVisualStudioVersion = 10.0.40219.1
Project("{FAE04EC0-301F-11D3-BF4B-00C04F79EFBC}") = "OOP1", "OOP1\OOP1.csproj", "{658808D9-4B44-4A02-8E3C-A3CE0343608A}"
EndProject
Project("{FAE04EC0-301F-11D3-BF4B-00C04F79EFBC}") = "Collections", "Collections\Collections.csproj", "{2EAB3FE1-CFA5-47A6-B2B4-3C821C667575}"
EndProject
Project("{FAE04EC0-301F-11D3-BF4B-00C04F79EFBC}") = "GenericsIntro", "GenericsIntro\GenericsIntro.csproj", "{D581BE2D-1874-4B31-8B25-77BCA0C238BA}"
EndProject
Global
	GlobalSection(SolutionConfigurationPlatforms) = preSolution
		Debug|Any CPU = Debug|Any CPU
		Release|Any CPU = Release|Any CPU
	EndGlobalSection
	GlobalSection(ProjectConfigurationPlatforms) = postSolution
		{658808D9-4B44-4A02-8E3C-A3CE0343608A}.Debug|Any CPU.ActiveCfg = Debug|Any CPU
		{658808D9-4B44-4A02-8E3C-A3CE0343608A}.Debug|Any CPU.Build.0 = Debug|Any CPU
		{658808D9-4B44-4A02-8E3C-A3CE0343608A}.Release|Any CPU.ActiveCfg = Release|Any CPU
		{658808D9-4B44-4A02-8E3C-A3CE0343608A}.Release|Any CPU.Build.0 = Release|Any CPU
		{2EAB3FE1-CFA5-47A6-B2B4-3C821C667575}.Debug|Any CPU.ActiveCfg = Debug|Any CPU
		{2EAB3FE1-CFA5-47A6-B2B4-3C821C667575}.Debug|Any CPU.Build.0 = Debug|Any CPU
		{2EAB3FE1-CFA5-47A6-B2B4-3C821C667575}.Release|Any CPU.ActiveCfg = Release|Any CPU
		{2EAB3FE1-CFA5-47A6-B2B4-3C821C667575}.Release|Any CPU.Build.0 = Release|Any CPU
		{D581BE2D-1874-4B31-8B25-77BCA0C238BA}.Debug|Any CPU.ActiveCfg = Debug|Any CPU
		{D581BE2D-1874-4B31-8B25-77BCA0C238BA}.Debug|Any CPU.Build.0 = Debug|Any CPU
		{D581BE2D-1874-4B31-8B25-77BCA0C238BA}.Release|Any CPU.ActiveCfg = Release|Any CPU
		{D581BE2D-1874-4B31-8B25-77BCA0C238BA}.Release|Any CPU.Build.0 = Release|Any CPU
	EndGlobalSection
	GlobalSection(SolutionProperties) = preSolution
		HideSolutionNode = FALSE
	EndGlobalSection
	GlobalSection(ExtensibilityGlobals) = postSolution
		SolutionGuid = {2EE9B4FB-C2F7-4C7C-9C8D-F230A3BA928A}
	EndGlobalSection
EndGlobal
